PODS:
  - Flutter (1.0.0)
  - flutter_prevent_screenshot (0.0.1):
    - Flutter
    - ScreenProtectorKit (~> 1.3.1)
  - ScreenProtectorKit (1.3.1)

DEPENDENCIES:
  - Flutter (from `Flutter`)
  - flutter_prevent_screenshot (from `.symlinks/plugins/flutter_prevent_screenshot/ios`)

SPEC REPOS:
  trunk:
    - ScreenProtectorKit

EXTERNAL SOURCES:
  Flutter:
    :path: Flutter
  flutter_prevent_screenshot:
    :path: ".symlinks/plugins/flutter_prevent_screenshot/ios"

SPEC CHECKSUMS:
  Flutter: e0871f40cf51350855a761d2e70bf5af5b9b5de7
  flutter_prevent_screenshot: 1ce6fb193a7ce009ae6b434a2e92260890fc033d
  ScreenProtectorKit: 83a6281b02c7a5902ee6eac4f5045f674e902ae4

PODFILE CHECKSUM: 819463e6a0290f5a72f145ba7cde16e8b6ef0796

COCOAPODS: 1.12.1
